
Microsoft Visual Studio Solution File, Format Version 12.00
# Visual Studio Version 17
VisualStudioVersion = 17.0.31919.166
MinimumVisualStudioVersion = 10.0.40219.1
Project("{FAE04EC0-301F-11D3-BF4B-00C04F79EFBC}") = "13-ifelse", "13-ifelse\13-ifelse.csproj", "{CC39DDB6-0406-4A95-B53B-9ACA395E307B}"
EndProject
Global
	GlobalSection(SolutionConfigurationPlatforms) = preSolution
		Debug|Any CPU = Debug|Any CPU
		Release|Any CPU = Release|Any CPU
	EndGlobalSection
	GlobalSection(ProjectConfigurationPlatforms) = postSolution
		{CC39DDB6-0406-4A95-B53B-9ACA395E307B}.Debug|Any CPU.ActiveCfg = Debug|Any CPU
		{CC39DDB6-0406-4A95-B53B-9ACA395E307B}.Debug|Any CPU.Build.0 = Debug|Any CPU
		{CC39DDB6-0406-4A95-B53B-9ACA395E307B}.Release|Any CPU.ActiveCfg = Release|Any CPU
		{CC39DDB6-0406-4A95-B53B-9ACA395E307B}.Release|Any CPU.Build.0 = Release|Any CPU
	EndGlobalSection
	GlobalSection(SolutionProperties) = preSolution
		HideSolutionNode = FALSE
	EndGlobalSection
	GlobalSection(ExtensibilityGlobals) = postSolution
		SolutionGuid = {C5AAB209-A258-41E7-A130-B0BDFF5FB516}
	EndGlobalSection
EndGlobal
